{
  "name": "js",
  "lockfileVersion": 2,
  "requires": true,
  "packages": {
    "": {
      "dependencies": {
        "promt": "^0.0.0"
      }
    },
    "node_modules/promt": {
      "version": "0.0.0",
      "resolved": "https://registry.npmjs.org/promt/-/promt-0.0.0.tgz",
      "integrity": "sha512-xUb24Qs9LXkmsJmpSUEdGkmmoYSFRcCO0hK8Hcuk9ota7hZ+lyW3XA91XxiSUTCh0pGgCvhkWacPAybPQ17uuA=="
    }
  },
  "dependencies": {
    "promt": {
      "version": "0.0.0",
      "resolved": "https://registry.npmjs.org/promt/-/promt-0.0.0.tgz",
      "integrity": "sha512-xUb24Qs9LXkmsJmpSUEdGkmmoYSFRcCO0hK8Hcuk9ota7hZ+lyW3XA91XxiSUTCh0pGgCvhkWacPAybPQ17uuA=="
    }
  }
}
